
Microsoft Visual Studio Solution File, Format Version 12.00
# Visual Studio Version 17
VisualStudioVersion = 17.0.31903.59
MinimumVisualStudioVersion = 10.0.40219.1
Project("{FAE04EC0-301F-11D3-BF4B-00C04F79EFBC}") = "ScalarKit", "ScalarKit\ScalarKit.csproj", "{868735ED-0239-49F6-B6DA-1BEFF09A8ACA}"
EndProject
Project("{FAE04EC0-301F-11D3-BF4B-00C04F79EFBC}") = "ScalarKit.Extensions.Serialization", "ScalarKit.Extensions.Serialization\ScalarKit.Extensions.Serialization.csproj", "{5F5A5F9C-C789-4958-8D21-1512B41F99C7}"
EndProject
Global
	GlobalSection(SolutionConfigurationPlatforms) = preSolution
		Debug|Any CPU = Debug|Any CPU
		Release|Any CPU = Release|Any CPU
	EndGlobalSection
	GlobalSection(SolutionProperties) = preSolution
		HideSolutionNode = FALSE
	EndGlobalSection
	GlobalSection(ProjectConfigurationPlatforms) = postSolution
		{868735ED-0239-49F6-B6DA-1BEFF09A8ACA}.Debug|Any CPU.ActiveCfg = Debug|Any CPU
		{868735ED-0239-49F6-B6DA-1BEFF09A8ACA}.Debug|Any CPU.Build.0 = Debug|Any CPU
		{868735ED-0239-49F6-B6DA-1BEFF09A8ACA}.Release|Any CPU.ActiveCfg = Release|Any CPU
		{868735ED-0239-49F6-B6DA-1BEFF09A8ACA}.Release|Any CPU.Build.0 = Release|Any CPU
		{5F5A5F9C-C789-4958-8D21-1512B41F99C7}.Debug|Any CPU.ActiveCfg = Debug|Any CPU
		{5F5A5F9C-C789-4958-8D21-1512B41F99C7}.Debug|Any CPU.Build.0 = Debug|Any CPU
		{5F5A5F9C-C789-4958-8D21-1512B41F99C7}.Release|Any CPU.ActiveCfg = Release|Any CPU
		{5F5A5F9C-C789-4958-8D21-1512B41F99C7}.Release|Any CPU.Build.0 = Release|Any CPU
	EndGlobalSection
EndGlobal
